
Microsoft Visual Studio Solution File, Format Version 12.00
# Visual Studio Version 17
VisualStudioVersion = 17.6.33723.286
MinimumVisualStudioVersion = 10.0.40219.1
Project("{9A19103F-16F7-4668-BE54-9A1E7A4F7556}") = "DuckDivers", "DuckDivers.csproj", "{96A0A51E-417A-4389-8879-645BA3150965}"
EndProject
Global
	GlobalSection(SolutionConfigurationPlatforms) = preSolution
		Debug|Any CPU = Debug|Any CPU
		Release|Any CPU = Release|Any CPU
	EndGlobalSection
	GlobalSection(ProjectConfigurationPlatforms) = postSolution
		{96A0A51E-417A-4389-8879-645BA3150965}.Debug|Any CPU.ActiveCfg = Debug|Any CPU
		{96A0A51E-417A-4389-8879-645BA3150965}.Debug|Any CPU.Build.0 = Debug|Any CPU
		{96A0A51E-417A-4389-8879-645BA3150965}.Release|Any CPU.ActiveCfg = Release|Any CPU
		{96A0A51E-417A-4389-8879-645BA3150965}.Release|Any CPU.Build.0 = Release|Any CPU
	EndGlobalSection
	GlobalSection(SolutionProperties) = preSolution
		HideSolutionNode = FALSE
	EndGlobalSection
	GlobalSection(ExtensibilityGlobals) = postSolution
		SolutionGuid = {7862B777-A842-4524-8270-65B4883E9BB9}
	EndGlobalSection
EndGlobal
